<?xml version="1.0" encoding="utf-8"?>
<Project ToolsVersion="4.0" xmlns="http://schemas.microsoft.com/developer/msbuild/2003">
  <ItemGroup>
    <Filter Include="Source Files">
      <UniqueIdentifier>{4FC737F1-C7A5-4376-A066-2A32D752A2FF}</UniqueIdentifier>
      <Extensions>cpp;c;cc;cxx;c++;cppm;ixx;def;odl;idl;hpj;bat;asm;asmx</Extensions>
    </Filter>
    <Filter Include="Header Files">
      <UniqueIdentifier>{93995380-89BD-4b04-88EB-625FBE52EBFB}</UniqueIdentifier>
      <Extensions>h;hh;hpp;hxx;h++;hm;inl;inc;ipp;xsd</Extensions>
    </Filter>
    <Filter Include="Resource Files">
      <UniqueIdentifier>{67DA6AB6-F800-4c08-8B7A-83BB121AAD01}</UniqueIdentifier>
      <Extensions>rc;ico;cur;bmp;dlg;rc2;rct;bin;rgs;gif;jpg;jpeg;jpe;resx;tiff;tif;png;wav;mfcribbon-ms</Extensions>
    </Filter>
    <Filter Include="Source Files\TaskQueue">
      <UniqueIdentifier>{b76ad0d0-9b41-48aa-9f83-25d22d3f7ffc}</UniqueIdentifier>
    </Filter>
  </ItemGroup>
  <ItemGroup>
    <None Include="exports.def">
      <Filter>Resource Files</Filter>
    </None>
  </ItemGroup>
  <ItemGroup>
    <ClInclude Include="Multiboxer.hpp">
      <Filter>Header Files</Filter>
    </ClInclude>
    <ClInclude Include="TaskQueue\TaskQueue.h">
      <Filter>Header Files</Filter>
    </ClInclude>
    <ClInclude Include="TaskQueue\TaskQueueItem.h">
      <Filter>Header Files</Filter>
    </ClInclude>
    <ClInclude Include="shared\BuffId.h">
      <Filter>Header Files</Filter>
    </ClInclude>
    <ClInclude Include="PacketParser.h">
      <Filter>Header Files</Filter>
    </ClInclude>
    <ClInclude Include="packet\PlayerUpdate.h">
      <Filter>Header Files</Filter>
    </ClInclude>
    <ClInclude Include="player\BuffTracker.h">
      <Filter>Header Files</Filter>
    </ClInclude>
    <ClInclude Include="packet\CharUpdate.h">
      <Filter>Header Files</Filter>
    </ClInclude>
    <ClInclude Include="packet\CharInfo.h">
      <Filter>Header Files</Filter>
    </ClInclude>
    <ClInclude Include="packet\PartyMemberUpdate.h">
      <Filter>Header Files</Filter>
    </ClInclude>
    <ClInclude Include="packet\PartyBuffUpdate.h">
      <Filter>Header Files</Filter>
    </ClInclude>
    <ClInclude Include="player\PlayerStats.h">
      <Filter>Header Files</Filter>
    </ClInclude>
    <ClInclude Include="packet\Action.h">
      <Filter>Header Files</Filter>
    </ClInclude>
    <ClInclude Include="packet\TriggerAction.h">
      <Filter>Header Files</Filter>
    </ClInclude>
    <ClInclude Include="packet\JobChange.h">
      <Filter>Header Files</Filter>
    </ClInclude>
    <ClInclude Include="PlayerManager.h">
      <Filter>Header Files</Filter>
    </ClInclude>
    <ClInclude Include="player\Player.h">
      <Filter>Header Files</Filter>
    </ClInclude>
    <ClInclude Include="packet\ZoneUpdate.h">
      <Filter>Header Files</Filter>
    </ClInclude>
    <ClInclude Include="player\PartyMember.h">
      <Filter>Header Files</Filter>
    </ClInclude>
    <ClInclude Include="player\PlayerBase.h">
      <Filter>Header Files</Filter>
    </ClInclude>
    <ClInclude Include="player\PlayerBaseInterface.h">
      <Filter>Header Files</Filter>
    </ClInclude>
    <ClInclude Include="player\MoveController.h">
      <Filter>Header Files</Filter>
    </ClInclude>
    <ClInclude Include="player\jobs\Job.h">
      <Filter>Header Files</Filter>
    </ClInclude>
    <ClInclude Include="player\jobs\RuneFencer.h">
      <Filter>Header Files</Filter>
    </ClInclude>
    <ClInclude Include="player\InteractionManager.h">
      <Filter>Header Files</Filter>
    </ClInclude>
    <ClInclude Include="player\BattleTarget.h">
      <Filter>Header Files</Filter>
    </ClInclude>
    <ClInclude Include="ChatManager.h">
      <Filter>Header Files</Filter>
    </ClInclude>
    <ClInclude Include="commands\Master.h">
      <Filter>Header Files</Filter>
    </ClInclude>
    <ClInclude Include="commands\TargetHelper.h">
      <Filter>Header Files</Filter>
    </ClInclude>
    <ClInclude Include="packet\KillMessage.h">
      <Filter>Header Files</Filter>
    </ClInclude>
    <ClInclude Include="player\jobs\helper\Ability.h">
      <Filter>Header Files</Filter>
    </ClInclude>
    <ClInclude Include="player\jobs\helper\AbilityList.h">
      <Filter>Header Files</Filter>
    </ClInclude>
    <ClInclude Include="player\jobs\helper\Spell.h">
      <Filter>Header Files</Filter>
    </ClInclude>
    <ClInclude Include="shared\SpellId.h">
      <Filter>Header Files</Filter>
    </ClInclude>
    <ClInclude Include="player\PlayerInterface.h">
      <Filter>Header Files</Filter>
    </ClInclude>
    <ClInclude Include="player\jobs\helper\SpellList.h">
      <Filter>Header Files</Filter>
    </ClInclude>
    <ClInclude Include="player\jobs\helper\SpellPriorityList.h">
      <Filter>Header Files</Filter>
    </ClInclude>
    <ClInclude Include="commands\Screen.h">
      <Filter>Header Files</Filter>
    </ClInclude>
    <ClInclude Include="player\jobs\Bard.h">
      <Filter>Header Files</Filter>
    </ClInclude>
    <ClInclude Include="player\jobs\WhiteMage.h">
      <Filter>Header Files</Filter>
    </ClInclude>
    <ClInclude Include="player\jobs\Corsair.h">
      <Filter>Header Files</Filter>
    </ClInclude>
    <ClInclude Include="player\jobs\Samurai.h">
      <Filter>Header Files</Filter>
    </ClInclude>
    <ClInclude Include="player\jobs\Geomancer.h">
      <Filter>Header Files</Filter>
    </ClInclude>
    <ClInclude Include="player\jobs\helper\TargetType.h">
      <Filter>Header Files</Filter>
    </ClInclude>
    <ClInclude Include="player\jobs\helper\TargetMe.h">
      <Filter>Header Files</Filter>
    </ClInclude>
    <ClInclude Include="player\jobs\helper\Target.h">
      <Filter>Header Files</Filter>
    </ClInclude>
    <ClInclude Include="player\jobs\helper\TargetCustom.h">
      <Filter>Header Files</Filter>
    </ClInclude>
    <ClInclude Include="player\jobs\helper\TargetBattle.h">
      <Filter>Header Files</Filter>
    </ClInclude>
    <ClInclude Include="player\jobs\helper\BardSong.h">
      <Filter>Header Files</Filter>
    </ClInclude>
    <ClInclude Include="player\jobs\helper\BardSongList.h">
      <Filter>Header Files</Filter>
    </ClInclude>
  </ItemGroup>
  <ItemGroup>
    <ClCompile Include="Multiboxer.cpp">
      <Filter>Source Files</Filter>
    </ClCompile>
    <ClCompile Include="TaskQueue\TaskQueue.cpp">
      <Filter>Source Files</Filter>
    </ClCompile>
    <ClCompile Include="TaskQueue\TaskQueueItem.cpp">
      <Filter>Source Files\TaskQueue</Filter>
    </ClCompile>
    <ClCompile Include="PacketParser.cpp">
      <Filter>Source Files</Filter>
    </ClCompile>
    <ClCompile Include="player\BuffTracker.cpp">
      <Filter>Source Files</Filter>
    </ClCompile>
    <ClCompile Include="player\PlayerStats.cpp">
      <Filter>Source Files</Filter>
    </ClCompile>
    <ClCompile Include="PlayerManager.cpp">
      <Filter>Source Files</Filter>
    </ClCompile>
    <ClCompile Include="player\Player.cpp">
      <Filter>Source Files</Filter>
    </ClCompile>
    <ClCompile Include="shared\AbilityId.h">
      <Filter>Source Files</Filter>
    </ClCompile>
    <ClCompile Include="player\PartyMember.cpp">
      <Filter>Source Files</Filter>
    </ClCompile>
    <ClCompile Include="player\PlayerBase.cpp">
      <Filter>Source Files</Filter>
    </ClCompile>
    <ClCompile Include="player\MoveController.cpp">
      <Filter>Source Files</Filter>
    </ClCompile>
    <ClCompile Include="player\jobs\Job.cpp">
      <Filter>Source Files</Filter>
    </ClCompile>
    <ClCompile Include="player\jobs\RuneFencer.cpp">
      <Filter>Source Files</Filter>
    </ClCompile>
    <ClCompile Include="player\InteractionManager.cpp">
      <Filter>Source Files</Filter>
    </ClCompile>
    <ClCompile Include="player\BattleTarget.cpp">
      <Filter>Source Files</Filter>
    </ClCompile>
    <ClCompile Include="ChatManager.cpp">
      <Filter>Source Files</Filter>
    </ClCompile>
    <ClCompile Include="commands\Master.cpp">
      <Filter>Source Files</Filter>
    </ClCompile>
    <ClCompile Include="commands\TargetHelper.cpp">
      <Filter>Source Files</Filter>
    </ClCompile>
    <ClCompile Include="player\jobs\helper\Ability.cpp">
      <Filter>Source Files</Filter>
    </ClCompile>
    <ClCompile Include="player\jobs\helper\AbilityList.cpp">
      <Filter>Source Files</Filter>
    </ClCompile>
    <ClCompile Include="player\jobs\helper\Spell.cpp">
      <Filter>Source Files</Filter>
    </ClCompile>
    <ClCompile Include="player\jobs\helper\SpellList.cpp">
      <Filter>Source Files</Filter>
    </ClCompile>
    <ClCompile Include="player\jobs\helper\SpellPriorityList.cpp">
      <Filter>Source Files</Filter>
    </ClCompile>
    <ClCompile Include="commands\Screen.cpp">
      <Filter>Source Files</Filter>
    </ClCompile>
    <ClCompile Include="player\jobs\Bard.cpp">
      <Filter>Source Files</Filter>
    </ClCompile>
    <ClCompile Include="player\jobs\WhiteMage.cpp">
      <Filter>Source Files</Filter>
    </ClCompile>
    <ClCompile Include="player\jobs\Corsair.cpp">
      <Filter>Source Files</Filter>
    </ClCompile>
    <ClCompile Include="player\jobs\Samurai.cpp">
      <Filter>Source Files</Filter>
    </ClCompile>
    <ClCompile Include="player\jobs\Geomancer.cpp">
      <Filter>Source Files</Filter>
    </ClCompile>
    <ClCompile Include="player\jobs\helper\TargetMe.cpp">
      <Filter>Source Files</Filter>
    </ClCompile>
    <ClCompile Include="player\jobs\helper\Target.cpp">
      <Filter>Source Files</Filter>
    </ClCompile>
    <ClCompile Include="player\jobs\helper\TargetCustom.cpp">
      <Filter>Source Files</Filter>
    </ClCompile>
    <ClCompile Include="player\jobs\helper\TargetBattle.cpp">
      <Filter>Source Files</Filter>
    </ClCompile>
    <ClCompile Include="player\jobs\helper\BardSong.cpp">
      <Filter>Source Files</Filter>
    </ClCompile>
    <ClCompile Include="player\jobs\helper\BardSongList.cpp">
      <Filter>Source Files</Filter>
    </ClCompile>
  </ItemGroup>
</Project>